
Microsoft Visual Studio Solution File, Format Version 12.00
# Visual Studio Version 16
VisualStudioVersion = 16.0.31112.23
MinimumVisualStudioVersion = 10.0.40219.1
Project("{FAE04EC0-301F-11D3-BF4B-00C04F79EFBC}") = "JpPublicHolidays", "JpPublicHolidays\JpPublicHolidays.csproj", "{1D63E288-40FB-417E-BC18-3165CBF6E846}"
EndProject
Project("{FAE04EC0-301F-11D3-BF4B-00C04F79EFBC}") = "JpPublicHolidays.Test", "JpPublicHolidays.Test\JpPublicHolidays.Test.csproj", "{853725A5-570F-4C96-A3C8-D92139BCFD82}"
EndProject
Global
	GlobalSection(SolutionConfigurationPlatforms) = preSolution
		Debug|Any CPU = Debug|Any CPU
		Release|Any CPU = Release|Any CPU
	EndGlobalSection
	GlobalSection(ProjectConfigurationPlatforms) = postSolution
		{1D63E288-40FB-417E-BC18-3165CBF6E846}.Debug|Any CPU.ActiveCfg = Debug|Any CPU
		{1D63E288-40FB-417E-BC18-3165CBF6E846}.Debug|Any CPU.Build.0 = Debug|Any CPU
		{1D63E288-40FB-417E-BC18-3165CBF6E846}.Release|Any CPU.ActiveCfg = Release|Any CPU
		{1D63E288-40FB-417E-BC18-3165CBF6E846}.Release|Any CPU.Build.0 = Release|Any CPU
		{853725A5-570F-4C96-A3C8-D92139BCFD82}.Debug|Any CPU.ActiveCfg = Debug|Any CPU
		{853725A5-570F-4C96-A3C8-D92139BCFD82}.Debug|Any CPU.Build.0 = Debug|Any CPU
		{853725A5-570F-4C96-A3C8-D92139BCFD82}.Release|Any CPU.ActiveCfg = Release|Any CPU
		{853725A5-570F-4C96-A3C8-D92139BCFD82}.Release|Any CPU.Build.0 = Release|Any CPU
	EndGlobalSection
	GlobalSection(SolutionProperties) = preSolution
		HideSolutionNode = FALSE
	EndGlobalSection
	GlobalSection(ExtensibilityGlobals) = postSolution
		SolutionGuid = {F647EB34-2020-4046-BC3B-7EA3725CA52E}
	EndGlobalSection
EndGlobal
