
Microsoft Visual Studio Solution File, Format Version 12.00
# Visual Studio 15
VisualStudioVersion = 15.0.27130.2010
MinimumVisualStudioVersion = 10.0.40219.1
Project("{FAE04EC0-301F-11D3-BF4B-00C04F79EFBC}") = "JpPublicHolidays", "JpPublicHolidays\JpPublicHolidays.csproj", "{A19687E4-27CC-4A7B-AF73-9FE61C47643E}"
EndProject
Project("{FAE04EC0-301F-11D3-BF4B-00C04F79EFBC}") = "JpPublicHolidays.Test", "JpPublicHolidays.Test\JpPublicHolidays.Test.csproj", "{1E162440-43C6-42B9-8FE6-5CD059145952}"
EndProject
Global
	GlobalSection(SolutionConfigurationPlatforms) = preSolution
		Debug|Any CPU = Debug|Any CPU
		Release|Any CPU = Release|Any CPU
	EndGlobalSection
	GlobalSection(ProjectConfigurationPlatforms) = postSolution
		{A19687E4-27CC-4A7B-AF73-9FE61C47643E}.Debug|Any CPU.ActiveCfg = Debug|Any CPU
		{A19687E4-27CC-4A7B-AF73-9FE61C47643E}.Debug|Any CPU.Build.0 = Debug|Any CPU
		{A19687E4-27CC-4A7B-AF73-9FE61C47643E}.Release|Any CPU.ActiveCfg = Release|Any CPU
		{A19687E4-27CC-4A7B-AF73-9FE61C47643E}.Release|Any CPU.Build.0 = Release|Any CPU
		{1E162440-43C6-42B9-8FE6-5CD059145952}.Debug|Any CPU.ActiveCfg = Debug|Any CPU
		{1E162440-43C6-42B9-8FE6-5CD059145952}.Debug|Any CPU.Build.0 = Debug|Any CPU
		{1E162440-43C6-42B9-8FE6-5CD059145952}.Release|Any CPU.ActiveCfg = Release|Any CPU
		{1E162440-43C6-42B9-8FE6-5CD059145952}.Release|Any CPU.Build.0 = Release|Any CPU
	EndGlobalSection
	GlobalSection(SolutionProperties) = preSolution
		HideSolutionNode = FALSE
	EndGlobalSection
	GlobalSection(ExtensibilityGlobals) = postSolution
		SolutionGuid = {8C425EA7-B533-4280-B2B4-CD371DF69BEE}
	EndGlobalSection
EndGlobal
